// !$*UTF8*$!
{
	archiveVersion = 1;
	classes = {
	};
	objectVersion = 50;
	objects = {

/* Begin PBXBuildFile section */
		69056AEC217A3F0B00D6F072 /* AppDelegate.swift in Sources */ = {isa = PBXBuildFile; fileRef = 69056AEB217A3F0B00D6F072 /* AppDelegate.swift */; };
		69056AEE217A3F0B00D6F072 /* ViewController.swift in Sources */ = {isa = PBXBuildFile; fileRef = 69056AED217A3F0B00D6F072 /* ViewController.swift */; };
		69056AF1217A3F0B00D6F072 /* Main.storyboard in Resources */ = {isa = PBXBuildFile; fileRef = 69056AEF217A3F0B00D6F072 /* Main.storyboard */; };
		69056AF3217A3F1200D6F072 /* Assets.xcassets in Resources */ = {isa = PBXBuildFile; fileRef = 69056AF2217A3F1200D6F072 /* Assets.xcassets */; };
		69056AF6217A3F1200D6F072 /* LaunchScreen.storyboard in Resources */ = {isa = PBXBuildFile; fileRef = 69056AF4217A3F1200D6F072 /* LaunchScreen.storyboard */; };
		69056B01217A3F1300D6F072 /* ToDoListTests.swift in Sources */ = {isa = PBXBuildFile; fileRef = 69056B00217A3F1300D6F072 /* ToDoListTests.swift */; };
		698D2FE3217B283E00C96BC9 /* ToDoTableViewCell.swift in Sources */ = {isa = PBXBuildFile; fileRef = 698D2FE2217B283E00C96BC9 /* ToDoTableViewCell.swift */; };
		69AE42B72183998C00476BB7 /* ToDo.swift in Sources */ = {isa = PBXBuildFile; fileRef = 69AE42B62183998C00476BB7 /* ToDo.swift */; };
/* End PBXBuildFile section */

/* Begin PBXContainerItemProxy section */
		69056AFD217A3F1300D6F072 /* PBXContainerItemProxy */ = {
			isa = PBXContainerItemProxy;
			containerPortal = 69056AE0217A3F0B00D6F072 /* Project object */;
			proxyType = 1;
			remoteGlobalIDString = 69056AE7217A3F0B00D6F072;
			remoteInfo = ToDoList;
		};
/* End PBXContainerItemProxy section */

/* Begin PBXFileReference section */
		69056AE8217A3F0B00D6F072 /* ToDoList.app */ = {isa = PBXFileReference; explicitFileType = wrapper.application; includeInIndex = 0; path = ToDoList.app; sourceTree = BUILT_PRODUCTS_DIR; };
		69056AEB217A3F0B00D6F072 /* AppDelegate.swift */ = {isa = PBXFileReference; lastKnownFileType = sourcecode.swift; path = AppDelegate.swift; sourceTree = "<group>"; };
		69056AED217A3F0B00D6F072 /* ViewController.swift */ = {isa = PBXFileReference; lastKnownFileType = sourcecode.swift; path = ViewController.swift; sourceTree = "<group>"; };
		69056AF0217A3F0B00D6F072 /* Base */ = {isa = PBXFileReference; lastKnownFileType = file.storyboard; name = Base; path = Base.lproj/Main.storyboard; sourceTree = "<group>"; };
		69056AF2217A3F1200D6F072 /* Assets.xcassets */ = {isa = PBXFileReference; lastKnownFileType = folder.assetcatalog; path = Assets.xcassets; sourceTree = "<group>"; };
		69056AF5217A3F1200D6F072 /* Base */ = {isa = PBXFileReference; lastKnownFileType = file.storyboard; name = Base; path = Base.lproj/LaunchScreen.storyboard; sourceTree = "<group>"; };
		69056AF7217A3F1200D6F072 /* Info.plist */ = {isa = PBXFileReference; lastKnownFileType = text.plist.xml; path = Info.plist; sourceTree = "<group>"; };
		69056AFC217A3F1300D6F072 /* ToDoListTests.xctest */ = {isa = PBXFileReference; explicitFileType = wrapper.cfbundle; includeInIndex = 0; path = ToDoListTests.xctest; sourceTree = BUILT_PRODUCTS_DIR; };
		69056B00217A3F1300D6F072 /* ToDoListTests.swift */ = {isa = PBXFileReference; lastKnownFileType = sourcecode.swift; path = ToDoListTests.swift; sourceTree = "<group>"; };
		69056B02217A3F1300D6F072 /* Info.plist */ = {isa = PBXFileReference; lastKnownFileType = text.plist.xml; path = Info.plist; sourceTree = "<group>"; };
		698D2FE2217B283E00C96BC9 /* ToDoTableViewCell.swift */ = {isa = PBXFileReference; lastKnownFileType = sourcecode.swift; path = ToDoTableViewCell.swift; sourceTree = "<group>"; };
		69AE42B62183998C00476BB7 /* ToDo.swift */ = {isa = PBXFileReference; lastKnownFileType = sourcecode.swift; path = ToDo.swift; sourceTree = "<group>"; };
/* End PBXFileReference section */

/* Begin PBXFrameworksBuildPhase section */
		69056AE5217A3F0B00D6F072 /* Frameworks */ = {
			isa = PBXFrameworksBuildPhase;
			buildActionMask = 2147483647;
			files = (
			);
			runOnlyForDeploymentPostprocessing = 0;
		};
		69056AF9217A3F1300D6F072 /* Frameworks */ = {
			isa = PBXFrameworksBuildPhase;
			buildActionMask = 2147483647;
			files = (
			);
			runOnlyForDeploymentPostprocessing = 0;
		};
/* End PBXFrameworksBuildPhase section */

/* Begin PBXGroup section */
		69056ADF217A3F0B00D6F072 = {
			isa = PBXGroup;
			children = (
				69056AEA217A3F0B00D6F072 /* ToDoList */,
				69056AFF217A3F1300D6F072 /* ToDoListTests */,
				69056AE9217A3F0B00D6F072 /* Products */,
			);
			sourceTree = "<group>";
		};
		69056AE9217A3F0B00D6F072 /* Products */ = {
			isa = PBXGroup;
			children = (
				69056AE8217A3F0B00D6F072 /* ToDoList.app */,
				69056AFC217A3F1300D6F072 /* ToDoListTests.xctest */,
			);
			name = Products;
			sourceTree = "<group>";
		};
		69056AEA217A3F0B00D6F072 /* ToDoList */ = {
			isa = PBXGroup;
			children = (
				69AE42B62183998C00476BB7 /* ToDo.swift */,
				69056AEB217A3F0B00D6F072 /* AppDelegate.swift */,
				69056AED217A3F0B00D6F072 /* ViewController.swift */,
				69056AEF217A3F0B00D6F072 /* Main.storyboard */,
				698D2FE2217B283E00C96BC9 /* ToDoTableViewCell.swift */,
				69056AF2217A3F1200D6F072 /* Assets.xcassets */,
				69056AF4217A3F1200D6F072 /* LaunchScreen.storyboard */,
				69056AF7217A3F1200D6F072 /* Info.plist */,
			);
			path = ToDoList;
			sourceTree = "<group>";
		};
		69056AFF217A3F1300D6F072 /* ToDoListTests */ = {
			isa = PBXGroup;
			children = (
				69056B00217A3F1300D6F072 /* ToDoListTests.swift */,
				69056B02217A3F1300D6F072 /* Info.plist */,
			);
			path = ToDoListTests;
			sourceTree = "<group>";
		};
/* End PBXGroup section */

/* Begin PBXNativeTarget section */
		69056AE7217A3F0B00D6F072 /* ToDoList */ = {
			isa = PBXNativeTarget;
			buildConfigurationList = 69056B05217A3F1300D6F072 /* Build configuration list for PBXNativeTarget "ToDoList" */;
			buildPhases = (
				69056AE4217A3F0B00D6F072 /* Sources */,
				69056AE5217A3F0B00D6F072 /* Frameworks */,
				69056AE6217A3F0B00D6F072 /* Resources */,
			);
			buildRules = (
			);
			dependencies = (
			);
			name = ToDoList;
			productName = ToDoList;
			productReference = 69056AE8217A3F0B00D6F072 /* ToDoList.app */;
			productType = "com.apple.product-type.application";
		};
		69056AFB217A3F1300D6F072 /* ToDoListTests */ = {
			isa = PBXNativeTarget;
			buildConfigurationList = 69056B08217A3F1300D6F072 /* Build configuration list for PBXNativeTarget "ToDoListTests" */;
			buildPhases = (
				69056AF8217A3F1300D6F072 /* Sources */,
				69056AF9217A3F1300D6F072 /* Frameworks */,
				69056AFA217A3F1300D6F072 /* Resources */,
			);
			buildRules = (
			);
			dependencies = (
				69056AFE217A3F1300D6F072 /* PBXTargetDependency */,
			);
			name = ToDoListTests;
			productName = ToDoListTests;
			productReference = 69056AFC217A3F1300D6F072 /* ToDoListTests.xctest */;
			productType = "com.apple.product-type.bundle.unit-test";
		};
/* End PBXNativeTarget section */

/* Begin PBXProject section */
		69056AE0217A3F0B00D6F072 /* Project object */ = {
			isa = PBXProject;
			attributes = {
				LastSwiftUpdateCheck = 1000;
				LastUpgradeCheck = 1000;
				ORGANIZATIONNAME = "Md. Shahadet Hossain";
				TargetAttributes = {
					69056AE7217A3F0B00D6F072 = {
						CreatedOnToolsVersion = 10.0;
					};
					69056AFB217A3F1300D6F072 = {
						CreatedOnToolsVersion = 10.0;
						TestTargetID = 69056AE7217A3F0B00D6F072;
					};
				};
			};
			buildConfigurationList = 69056AE3217A3F0B00D6F072 /* Build configuration list for PBXProject "ToDoList" */;
			compatibilityVersion = "Xcode 9.3";
			developmentRegion = en;
			hasScannedForEncodings = 0;
			knownRegions = (
				en,
				Base,
			);
			mainGroup = 69056ADF217A3F0B00D6F072;
			productRefGroup = 69056AE9217A3F0B00D6F072 /* Products */;
			projectDirPath = "";
			projectRoot = "";
			targets = (
				69056AE7217A3F0B00D6F072 /* ToDoList */,
				69056AFB217A3F1300D6F072 /* ToDoListTests */,
			);
		};
/* End PBXProject section */

/* Begin PBXResourcesBuildPhase section */
		69056AE6217A3F0B00D6F072 /* Resources */ = {
			isa = PBXResourcesBuildPhase;
			buildActionMask = 2147483647;
			files = (
				69056AF6217A3F1200D6F072 /* LaunchScreen.storyboard in Resources */,
				69056AF3217A3F1200D6F072 /* Assets.xcassets in Resources */,
				69056AF1217A3F0B00D6F072 /* Main.storyboard in Resources */,
			);
			runOnlyForDeploymentPostprocessing = 0;
		};
		69056AFA217A3F1300D6F072 /* Resources */ = {
			isa = PBXResourcesBuildPhase;
			buildActionMask = 2147483647;
			files = (
			);
			runOnlyForDeploymentPostprocessing = 0;
		};
/* End PBXResourcesBuildPhase section */

/* Begin PBXSourcesBuildPhase section */
		69056AE4217A3F0B00D6F072 /* Sources */ = {
			isa = PBXSourcesBuildPhase;
			buildActionMask = 2147483647;
			files = (
				698D2FE3217B283E00C96BC9 /* ToDoTableViewCell.swift in Sources */,
				69056AEE217A3F0B00D6F072 /* ViewController.swift in Sources */,
				69056AEC217A3F0B00D6F072 /* AppDelegate.swift in Sources */,
				69AE42B72183998C00476BB7 /* ToDo.swift in Sources */,
			);
			runOnlyForDeploymentPostprocessing = 0;
		};
		69056AF8217A3F1300D6F072 /* Sources */ = {
			isa = PBXSourcesBuildPhase;
			buildActionMask = 2147483647;
			files = (
				69056B01217A3F1300D6F072 /* ToDoListTests.swift in Sources */,
			);
			runOnlyForDeploymentPostprocessing = 0;
		};
/* End PBXSourcesBuildPhase section */

/* Begin PBXTargetDependency section */
		69056AFE217A3F1300D6F072 /* PBXTargetDependency */ = {
			isa = PBXTargetDependency;
			target = 69056AE7217A3F0B00D6F072 /* ToDoList */;
			targetProxy = 69056AFD217A3F1300D6F072 /* PBXContainerItemProxy */;
		};
/* End PBXTargetDependency section */

/* Begin PBXVariantGroup section */
		69056AEF217A3F0B00D6F072 /* Main.storyboard */ = {
			isa = PBXVariantGroup;
			children = (
				69056AF0217A3F0B00D6F072 /* Base */,
			);
			name = Main.storyboard;
			sourceTree = "<group>";
		};
		69056AF4217A3F1200D6F072 /* LaunchScreen.storyboard */ = {
			isa = PBXVariantGroup;
			children = (
				69056AF5217A3F1200D6F072 /* Base */,
			);
			name = LaunchScreen.storyboard;
			sourceTree = "<group>";
		};
/* End PBXVariantGroup section */

/* Begin XCBuildConfiguration section */
		69056B03217A3F1300D6F072 /* Debug */ = {
			isa = XCBuildConfiguration;
			buildSettings = {
				ALWAYS_SEARCH_USER_PATHS = NO;
				CLANG_ANALYZER_NONNULL = YES;
				CLANG_ANALYZER_NUMBER_OBJECT_CONVERSION = YES_AGGRESSIVE;
				CLANG_CXX_LANGUAGE_STANDARD = "gnu++14";
				CLANG_CXX_LIBRARY = "libc++";
				CLANG_ENABLE_MODULES = YES;
				CLANG_ENABLE_OBJC_ARC = YES;
				CLANG_ENABLE_OBJC_WEAK = YES;
				CLANG_WARN_BLOCK_CAPTURE_AUTORELEASING = YES;
				CLANG_WARN_BOOL_CONVERSION = YES;
				CLANG_WARN_COMMA = YES;
				CLANG_WARN_CONSTANT_CONVERSION = YES;
				CLANG_WARN_DEPRECATED_OBJC_IMPLEMENTATIONS = YES;
				CLANG_WARN_DIRECT_OBJC_ISA_USAGE = YES_ERROR;
				CLANG_WARN_DOCUMENTATION_COMMENTS = YES;
				CLANG_WARN_EMPTY_BODY = YES;
				CLANG_WARN_ENUM_CONVERSION = YES;
				CLANG_WARN_INFINITE_RECURSION = YES;
				CLANG_WARN_INT_CONVERSION = YES;
				CLANG_WARN_NON_LITERAL_NULL_CONVERSION = YES;
				CLANG_WARN_OBJC_IMPLICIT_RETAIN_SELF = YES;
				CLANG_WARN_OBJC_LITERAL_CONVERSION = YES;
				CLANG_WARN_OBJC_ROOT_CLASS = YES_ERROR;
				CLANG_WARN_RANGE_LOOP_ANALYSIS = YES;
				CLANG_WARN_STRICT_PROTOTYPES = YES;
				CLANG_WARN_SUSPICIOUS_MOVE = YES;
				CLANG_WARN_UNGUARDED_AVAILABILITY = YES_AGGRESSIVE;
				CLANG_WARN_UNREACHABLE_CODE = YES;
				CLANG_WARN__DUPLICATE_METHOD_MATCH = YES;
				CODE_SIGN_IDENTITY = "iPhone Developer";
				COPY_PHASE_STRIP = NO;
				DEBUG_INFORMATION_FORMAT = dwarf;
				ENABLE_STRICT_OBJC_MSGSEND = YES;
				ENABLE_TESTABILITY = YES;
				GCC_C_LANGUAGE_STANDARD = gnu11;
				GCC_DYNAMIC_NO_PIC = NO;
				GCC_NO_COMMON_BLOCKS = YES;
				GCC_OPTIMIZATION_LEVEL = 0;
				GCC_PREPROCESSOR_DEFINITIONS = (
					"DEBUG=1",
					"$(inherited)",
				);
				GCC_WARN_64_TO_32_BIT_CONVERSION = YES;
				GCC_WARN_ABOUT_RETURN_TYPE = YES_ERROR;
				GCC_WARN_UNDECLARED_SELECTOR = YES;
				GCC_WARN_UNINITIALIZED_AUTOS = YES_AGGRESSIVE;
				GCC_WARN_UNUSED_FUNCTION = YES;
				GCC_WARN_UNUSED_VARIABLE = YES;
				IPHONEOS_DEPLOYMENT_TARGET = 12.0;
				MTL_ENABLE_DEBUG_INFO = INCLUDE_SOURCE;
				MTL_FAST_MATH = YES;
				ONLY_ACTIVE_ARCH = YES;
				SDKROOT = iphoneos;
				SWIFT_ACTIVE_COMPILATION_CONDITIONS = DEBUG;
				SWIFT_OPTIMIZATION_LEVEL = "-Onone";
			};
			name = Debug;
		};
		69056B04217A3F1300D6F072 /* Release */ = {
			isa = XCBuildConfiguration;
			buildSettings = {
				ALWAYS_SEARCH_USER_PATHS = NO;
				CLANG_ANALYZER_NONNULL = YES;
				CLANG_ANALYZER_NUMBER_OBJECT_CONVERSION = YES_AGGRESSIVE;
				CLANG_CXX_LANGUAGE_STANDARD = "gnu++14";
				CLANG_CXX_LIBRARY = "libc++";
				CLANG_ENABLE_MODULES = YES;
				CLANG_ENABLE_OBJC_ARC = YES;
				CLANG_ENABLE_OBJC_WEAK = YES;
				CLANG_WARN_BLOCK_CAPTURE_AUTORELEASING = YES;
				CLANG_WARN_BOOL_CONVERSION = YES;
				CLANG_WARN_COMMA = YES;
				CLANG_WARN_CONSTANT_CONVERSION = YES;
				CLANG_WARN_DEPRECATED_OBJC_IMPLEMENTATIONS = YES;
				CLANG_WARN_DIRECT_OBJC_ISA_USAGE = YES_ERROR;
				CLANG_WARN_DOCUMENTATION_COMMENTS = YES;
				CLANG_WARN_EMPTY_BODY = YES;
				CLANG_WARN_ENUM_CONVERSION = YES;
				CLANG_WARN_INFINITE_RECURSION = YES;
				CLANG_WARN_INT_CONVERSION = YES;
				CLANG_WARN_NON_LITERAL_NULL_CONVERSION = YES;
				CLANG_WARN_OBJC_IMPLICIT_RETAIN_SELF = YES;
				CLANG_WARN_OBJC_LITERAL_CONVERSION = YES;
				CLANG_WARN_OBJC_ROOT_CLASS = YES_ERROR;
				CLANG_WARN_RANGE_LOOP_ANALYSIS = YES;
				CLANG_WARN_STRICT_PROTOTYPES = YES;
				CLANG_WARN_SUSPICIOUS_MOVE = YES;
				CLANG_WARN_UNGUARDED_AVAILABILITY = YES_AGGRESSIVE;
				CLANG_WARN_UNREACHABLE_CODE = YES;
				CLANG_WARN__DUPLICATE_METHOD_MATCH = YES;
				CODE_SIGN_IDENTITY = "iPhone Developer";
				COPY_PHASE_STRIP = NO;
				DEBUG_INFORMATION_FORMAT = "dwarf-with-dsym";
				ENABLE_NS_ASSERTIONS = NO;
				ENABLE_STRICT_OBJC_MSGSEND = YES;
				GCC_C_LANGUAGE_STANDARD = gnu11;
				GCC_NO_COMMON_BLOCKS = YES;
				GCC_WARN_64_TO_32_BIT_CONVERSION = YES;
				GCC_WARN_ABOUT_RETURN_TYPE = YES_ERROR;
				GCC_WARN_UNDECLARED_SELECTOR = YES;
				GCC_WARN_UNINITIALIZED_AUTOS = YES_AGGRESSIVE;
				GCC_WARN_UNUSED_FUNCTION = YES;
				GCC_WARN_UNUSED_VARIABLE = YES;
				IPHONEOS_DEPLOYMENT_TARGET = 12.0;
				MTL_ENABLE_DEBUG_INFO = NO;
				MTL_FAST_MATH = YES;
				SDKROOT = iphoneos;
				SWIFT_COMPILATION_MODE = wholemodule;
				SWIFT_OPTIMIZATION_LEVEL = "-O";
				VALIDATE_PRODUCT = YES;
			};
			name = Release;
		};
		69056B06217A3F1300D6F072 /* Debug */ = {
			isa = XCBuildConfiguration;
			buildSettings = {
				ASSETCATALOG_COMPILER_APPICON_NAME = AppIcon;
				CODE_SIGN_STYLE = Automatic;
				DEVELOPMENT_TEAM = 6X5B26J782;
				INFOPLIST_FILE = ToDoList/Info.plist;
				LD_RUNPATH_SEARCH_PATHS = (
					"$(inherited)",
					"@executable_path/Frameworks",
				);
				PRODUCT_BUNDLE_IDENTIFIER = com.sh.ToDoList;
				PRODUCT_NAME = "$(TARGET_NAME)";
				SWIFT_VERSION = 4.2;
				TARGETED_DEVICE_FAMILY = "1,2";
			};
			name = Debug;
		};
		69056B07217A3F1300D6F072 /* Release */ = {
			isa = XCBuildConfiguration;
			buildSettings = {
				ASSETCATALOG_COMPILER_APPICON_NAME = AppIcon;
				CODE_SIGN_STYLE = Automatic;
				DEVELOPMENT_TEAM = 6X5B26J782;
				INFOPLIST_FILE = ToDoList/Info.plist;
				LD_RUNPATH_SEARCH_PATHS = (
					"$(inherited)",
					"@executable_path/Frameworks",
				);
				PRODUCT_BUNDLE_IDENTIFIER = com.sh.ToDoList;
				PRODUCT_NAME = "$(TARGET_NAME)";
				SWIFT_VERSION = 4.2;
				TARGETED_DEVICE_FAMILY = "1,2";
			};
			name = Release;
		};
		69056B09217A3F1300D6F072 /* Debug */ = {
			isa = XCBuildConfiguration;
			buildSettings = {
				ALWAYS_EMBED_SWIFT_STANDARD_LIBRARIES = YES;
				BUNDLE_LOADER = "$(TEST_HOST)";
				CODE_SIGN_STYLE = Automatic;
				INFOPLIST_FILE = ToDoListTests/Info.plist;
				LD_RUNPATH_SEARCH_PATHS = (
					"$(inherited)",
					"@executable_path/Frameworks",
					"@loader_path/Frameworks",
				);
				PRODUCT_BUNDLE_IDENTIFIER = com.sh.ToDoListTests;
				PRODUCT_NAME = "$(TARGET_NAME)";
				SWIFT_VERSION = 4.2;
				TARGETED_DEVICE_FAMILY = "1,2";
				TEST_HOST = "$(BUILT_PRODUCTS_DIR)/ToDoList.app/ToDoList";
			};
			name = Debug;
		};
		69056B0A217A3F1300D6F072 /* Release */ = {
			isa = XCBuildConfiguration;
			buildSettings = {
				ALWAYS_EMBED_SWIFT_STANDARD_LIBRARIES = YES;
				BUNDLE_LOADER = "$(TEST_HOST)";
				CODE_SIGN_STYLE = Automatic;
				INFOPLIST_FILE = ToDoListTests/Info.plist;
				LD_RUNPATH_SEARCH_PATHS = (
					"$(inherited)",
					"@executable_path/Frameworks",
					"@loader_path/Frameworks",
				);
				PRODUCT_BUNDLE_IDENTIFIER = com.sh.ToDoListTests;
				PRODUCT_NAME = "$(TARGET_NAME)";
				SWIFT_VERSION = 4.2;
				TARGETED_DEVICE_FAMILY = "1,2";
				TEST_HOST = "$(BUILT_PRODUCTS_DIR)/ToDoList.app/ToDoList";
			};
			name = Release;
		};
/* End XCBuildConfiguration section */

/* Begin XCConfigurationList section */
		69056AE3217A3F0B00D6F072 /* Build configuration list for PBXProject "ToDoList" */ = {
			isa = XCConfigurationList;
			buildConfigurations = (
				69056B03217A3F1300D6F072 /* Debug */,
				69056B04217A3F1300D6F072 /* Release */,
			);
			defaultConfigurationIsVisible = 0;
			defaultConfigurationName = Release;
		};
		69056B05217A3F1300D6F072 /* Build configuration list for PBXNativeTarget "ToDoList" */ = {
			isa = XCConfigurationList;
			buildConfigurations = (
				69056B06217A3F1300D6F072 /* Debug */,
				69056B07217A3F1300D6F072 /* Release */,
			);
			defaultConfigurationIsVisible = 0;
			defaultConfigurationName = Release;
		};
		69056B08217A3F1300D6F072 /* Build configuration list for PBXNativeTarget "ToDoListTests" */ = {
			isa = XCConfigurationList;
			buildConfigurations = (
				69056B09217A3F1300D6F072 /* Debug */,
				69056B0A217A3F1300D6F072 /* Release */,
			);
			defaultConfigurationIsVisible = 0;
			defaultConfigurationName = Release;
		};
/* End XCConfigurationList section */
	};
	rootObject = 69056AE0217A3F0B00D6F072 /* Project object */;
}
